
Microsoft Visual Studio Solution File, Format Version 12.00
# Visual Studio Version 17
VisualStudioVersion = 17.14.36717.8 d17.14
MinimumVisualStudioVersion = 10.0.40219.1
Project("{FAE04EC0-301F-11D3-BF4B-00C04F79EFBC}") = "ejercicioTelegrama", "ejercicioTelegrama\ejercicioTelegrama.csproj", "{F43A7AE5-44A7-4CBA-B840-76CFB0E758BF}"
EndProject
Global
	GlobalSection(SolutionConfigurationPlatforms) = preSolution
		Debug|Any CPU = Debug|Any CPU
		Release|Any CPU = Release|Any CPU
	EndGlobalSection
	GlobalSection(ProjectConfigurationPlatforms) = postSolution
		{F43A7AE5-44A7-4CBA-B840-76CFB0E758BF}.Debug|Any CPU.ActiveCfg = Debug|Any CPU
		{F43A7AE5-44A7-4CBA-B840-76CFB0E758BF}.Debug|Any CPU.Build.0 = Debug|Any CPU
		{F43A7AE5-44A7-4CBA-B840-76CFB0E758BF}.Release|Any CPU.ActiveCfg = Release|Any CPU
		{F43A7AE5-44A7-4CBA-B840-76CFB0E758BF}.Release|Any CPU.Build.0 = Release|Any CPU
	EndGlobalSection
	GlobalSection(SolutionProperties) = preSolution
		HideSolutionNode = FALSE
	EndGlobalSection
	GlobalSection(ExtensibilityGlobals) = postSolution
		SolutionGuid = {F8984BFB-493E-4D96-A5A9-B04CF9A9323E}
	EndGlobalSection
EndGlobal
